{
  "name": "oracle",
  "lockfileVersion": 3,
  "requires": true,
  "packages": {
    "": {
      "dependencies": {
        "v86": "^0.5.359"
      }
    },
    "node_modules/v86": {
      "version": "0.5.359",
      "resolved": "https://registry.npmjs.org/v86/-/v86-0.5.359.tgz",
      "integrity": "sha512-FeIho4j6LqM09ioCEwzVjYhoPjgCymCloLJLCRYztqIcf9b9sywE4H/B7id1BdMjnW9wLRzrSPpPKNCsixytrA==",
      "license": "BSD-2-Clause"
    }
  }
}
